// !$*UTF8*$!
{
	archiveVersion = 1;
	classes = {
	};
	objectVersion = 56;
	objects = {

/* Begin PBXBuildFile section */
		520EA4772C8425D90047F53C /* PaymentModel.swift in Sources */ = {isa = PBXBuildFile; fileRef = 520EA4762C8425D90047F53C /* PaymentModel.swift */; };
		5238EBF52C809F5E002900CE /* SharkUtils in Frameworks */ = {isa = PBXBuildFile; productRef = 5238EBF42C809F5E002900CE /* SharkUtils */; };
		5238EBF72C80A027002900CE /* OCR-a___.ttf in Resources */ = {isa = PBXBuildFile; fileRef = 5238EBF62C80A027002900CE /* OCR-a___.ttf */; };
		525C7BE12C82277000214E7D /* CheckCardTypes.swift in Sources */ = {isa = PBXBuildFile; fileRef = 525C7BE02C82277000214E7D /* CheckCardTypes.swift */; };
		525E5F022C7CCD1E00FBAECF /* PreviewUIKit+.swift in Sources */ = {isa = PBXBuildFile; fileRef = 525E5F012C7CCD1E00FBAECF /* PreviewUIKit+.swift */; };
		528F459C2C82154F0092A9BF /* TechTalk_Library in Frameworks */ = {isa = PBXBuildFile; productRef = 528F459B2C82154F0092A9BF /* TechTalk_Library */; };
		BF7A7B922C805DD400D8427E /* DateExtensions.swift in Sources */ = {isa = PBXBuildFile; fileRef = BF7A7B912C805DD400D8427E /* DateExtensions.swift */; };
		BF7A7B942C805F5A00D8427E /* ScannedCardView.swift in Sources */ = {isa = PBXBuildFile; fileRef = BF7A7B932C805F5A00D8427E /* ScannedCardView.swift */; };
		BFBB44522C3B907400A2CBB0 /* AppDelegate.swift in Sources */ = {isa = PBXBuildFile; fileRef = BFBB44512C3B907400A2CBB0 /* AppDelegate.swift */; };
		BFBB44542C3B907400A2CBB0 /* SceneDelegate.swift in Sources */ = {isa = PBXBuildFile; fileRef = BFBB44532C3B907400A2CBB0 /* SceneDelegate.swift */; };
		BFBB44562C3B907400A2CBB0 /* ViewController.swift in Sources */ = {isa = PBXBuildFile; fileRef = BFBB44552C3B907400A2CBB0 /* ViewController.swift */; };
		BFBB44592C3B907400A2CBB0 /* Base in Resources */ = {isa = PBXBuildFile; fileRef = BFBB44582C3B907400A2CBB0 /* Base */; };
		BFBB445B2C3B907600A2CBB0 /* Assets.xcassets in Resources */ = {isa = PBXBuildFile; fileRef = BFBB445A2C3B907600A2CBB0 /* Assets.xcassets */; };
		BFBB445E2C3B907600A2CBB0 /* Base in Resources */ = {isa = PBXBuildFile; fileRef = BFBB445D2C3B907600A2CBB0 /* Base */; };
		BFBE54B92C7DC4820027814A /* CustomProtocols.swift in Sources */ = {isa = PBXBuildFile; fileRef = BFBE54B82C7DC4820027814A /* CustomProtocols.swift */; };
		BFBE54BB2C7DC55B0027814A /* CameraAccess.swift in Sources */ = {isa = PBXBuildFile; fileRef = BFBE54BA2C7DC55B0027814A /* CameraAccess.swift */; };
		BFBE54BF2C7DCAA60027814A /* Extension+.swift in Sources */ = {isa = PBXBuildFile; fileRef = BFBE54BE2C7DCAA60027814A /* Extension+.swift */; };
		BFBE54C12C7DD40D0027814A /* SharkCardScanVC.swift in Sources */ = {isa = PBXBuildFile; fileRef = BFBE54C02C7DD40D0027814A /* SharkCardScanVC.swift */; };
		BFC5D16D2C8031A30057D657 /* CardScanner.swift in Sources */ = {isa = PBXBuildFile; fileRef = BFC5D16C2C8031A30057D657 /* CardScanner.swift */; };
		BFC5D1702C8034120057D657 /* CardScanVM.swift in Sources */ = {isa = PBXBuildFile; fileRef = BFC5D16F2C8034120057D657 /* CardScanVM.swift */; };
		BFC5D1722C8034F90057D657 /* PixelBufferStream.swift in Sources */ = {isa = PBXBuildFile; fileRef = BFC5D1712C8034F90057D657 /* PixelBufferStream.swift */; };
		BFC5D1742C8037090057D657 /* LayoutContentView.swift in Sources */ = {isa = PBXBuildFile; fileRef = BFC5D1732C8037090057D657 /* LayoutContentView.swift */; };
/* End PBXBuildFile section */

/* Begin PBXFileReference section */
		520EA4762C8425D90047F53C /* PaymentModel.swift */ = {isa = PBXFileReference; lastKnownFileType = sourcecode.swift; path = PaymentModel.swift; sourceTree = "<group>"; };
		5238EBF62C80A027002900CE /* OCR-a___.ttf */ = {isa = PBXFileReference; lastKnownFileType = file; name = "OCR-a___.ttf"; path = "../../../../../Desktop/OCR-a___.ttf"; sourceTree = "<group>"; };
		525C7BE02C82277000214E7D /* CheckCardTypes.swift */ = {isa = PBXFileReference; lastKnownFileType = sourcecode.swift; path = CheckCardTypes.swift; sourceTree = "<group>"; };
		525E5F012C7CCD1E00FBAECF /* PreviewUIKit+.swift */ = {isa = PBXFileReference; lastKnownFileType = sourcecode.swift; path = "PreviewUIKit+.swift"; sourceTree = "<group>"; };
		529441182C3EBE8E0080E59E /* MyPlayground.playground */ = {isa = PBXFileReference; lastKnownFileType = file.playground; path = MyPlayground.playground; sourceTree = "<group>"; xcLanguageSpecificationIdentifier = xcode.lang.swift; };
		BF6B69122C7F17E7004021F4 /* Info.plist */ = {isa = PBXFileReference; fileEncoding = 4; lastKnownFileType = text.plist.xml; path = Info.plist; sourceTree = "<group>"; };
		BF7A7B912C805DD400D8427E /* DateExtensions.swift */ = {isa = PBXFileReference; lastKnownFileType = sourcecode.swift; path = DateExtensions.swift; sourceTree = "<group>"; };
		BF7A7B932C805F5A00D8427E /* ScannedCardView.swift */ = {isa = PBXFileReference; lastKnownFileType = sourcecode.swift; path = ScannedCardView.swift; sourceTree = "<group>"; };
		BFBB444E2C3B907400A2CBB0 /* ScanPaymentCard.app */ = {isa = PBXFileReference; explicitFileType = wrapper.application; includeInIndex = 0; path = ScanPaymentCard.app; sourceTree = BUILT_PRODUCTS_DIR; };
		BFBB44512C3B907400A2CBB0 /* AppDelegate.swift */ = {isa = PBXFileReference; lastKnownFileType = sourcecode.swift; path = AppDelegate.swift; sourceTree = "<group>"; };
		BFBB44532C3B907400A2CBB0 /* SceneDelegate.swift */ = {isa = PBXFileReference; lastKnownFileType = sourcecode.swift; path = SceneDelegate.swift; sourceTree = "<group>"; };
		BFBB44552C3B907400A2CBB0 /* ViewController.swift */ = {isa = PBXFileReference; lastKnownFileType = sourcecode.swift; path = ViewController.swift; sourceTree = "<group>"; };
		BFBB44582C3B907400A2CBB0 /* Base */ = {isa = PBXFileReference; lastKnownFileType = file.storyboard; name = Base; path = Base.lproj/Main.storyboard; sourceTree = "<group>"; };
		BFBB445A2C3B907600A2CBB0 /* Assets.xcassets */ = {isa = PBXFileReference; lastKnownFileType = folder.assetcatalog; path = Assets.xcassets; sourceTree = "<group>"; };
		BFBB445D2C3B907600A2CBB0 /* Base */ = {isa = PBXFileReference; lastKnownFileType = file.storyboard; name = Base; path = Base.lproj/LaunchScreen.storyboard; sourceTree = "<group>"; };
		BFBE54B82C7DC4820027814A /* CustomProtocols.swift */ = {isa = PBXFileReference; lastKnownFileType = sourcecode.swift; path = CustomProtocols.swift; sourceTree = "<group>"; };
		BFBE54BA2C7DC55B0027814A /* CameraAccess.swift */ = {isa = PBXFileReference; lastKnownFileType = sourcecode.swift; path = CameraAccess.swift; sourceTree = "<group>"; };
		BFBE54BE2C7DCAA60027814A /* Extension+.swift */ = {isa = PBXFileReference; lastKnownFileType = sourcecode.swift; path = "Extension+.swift"; sourceTree = "<group>"; };
		BFBE54C02C7DD40D0027814A /* SharkCardScanVC.swift */ = {isa = PBXFileReference; lastKnownFileType = sourcecode.swift; path = SharkCardScanVC.swift; sourceTree = "<group>"; };
		BFC5D16C2C8031A30057D657 /* CardScanner.swift */ = {isa = PBXFileReference; lastKnownFileType = sourcecode.swift; path = CardScanner.swift; sourceTree = "<group>"; };
		BFC5D16F2C8034120057D657 /* CardScanVM.swift */ = {isa = PBXFileReference; lastKnownFileType = sourcecode.swift; path = CardScanVM.swift; sourceTree = "<group>"; };
		BFC5D1712C8034F90057D657 /* PixelBufferStream.swift */ = {isa = PBXFileReference; lastKnownFileType = sourcecode.swift; path = PixelBufferStream.swift; sourceTree = "<group>"; };
		BFC5D1732C8037090057D657 /* LayoutContentView.swift */ = {isa = PBXFileReference; lastKnownFileType = sourcecode.swift; path = LayoutContentView.swift; sourceTree = "<group>"; };
		BFD7D3D52C7EDE9C00F8DDFB /* TestingCode.playground */ = {isa = PBXFileReference; lastKnownFileType = file.playground; path = TestingCode.playground; sourceTree = "<group>"; xcLanguageSpecificationIdentifier = xcode.lang.swift; };
/* End PBXFileReference section */

/* Begin PBXFrameworksBuildPhase section */
		BFBB444B2C3B907400A2CBB0 /* Frameworks */ = {
			isa = PBXFrameworksBuildPhase;
			buildActionMask = 2147483647;
			files = (
				528F459C2C82154F0092A9BF /* TechTalk_Library in Frameworks */,
				5238EBF52C809F5E002900CE /* SharkUtils in Frameworks */,
			);
			runOnlyForDeploymentPostprocessing = 0;
		};
/* End PBXFrameworksBuildPhase section */

/* Begin PBXGroup section */
		520EA4752C8425C90047F53C /* Model */ = {
			isa = PBXGroup;
			children = (
				520EA4762C8425D90047F53C /* PaymentModel.swift */,
			);
			path = Model;
			sourceTree = "<group>";
		};
		525E5F002C7CCD1100FBAECF /* Helper */ = {
			isa = PBXGroup;
			children = (
				BFC8BAF42C7ECF5F00894CBB /* Extension+ */,
				52E010802C4F465C00BF9A99 /* Styling */,
				BFC5D16E2C8033F30057D657 /* CardScanVM */,
				BFC5D1712C8034F90057D657 /* PixelBufferStream.swift */,
				BFC5D1732C8037090057D657 /* LayoutContentView.swift */,
				BFC5D16C2C8031A30057D657 /* CardScanner.swift */,
				BFBE54BA2C7DC55B0027814A /* CameraAccess.swift */,
				BFBE54C02C7DD40D0027814A /* SharkCardScanVC.swift */,
				BF7A7B932C805F5A00D8427E /* ScannedCardView.swift */,
			);
			path = Helper;
			sourceTree = "<group>";
		};
		52E010802C4F465C00BF9A99 /* Styling */ = {
			isa = PBXGroup;
			children = (
				BFBE54B82C7DC4820027814A /* CustomProtocols.swift */,
			);
			path = Styling;
			sourceTree = "<group>";
		};
		BFBB44452C3B907400A2CBB0 = {
			isa = PBXGroup;
			children = (
				BFBB44502C3B907400A2CBB0 /* ScanPaymentCard */,
				BFBB444F2C3B907400A2CBB0 /* Products */,
			);
			sourceTree = "<group>";
		};
		BFBB444F2C3B907400A2CBB0 /* Products */ = {
			isa = PBXGroup;
			children = (
				BFBB444E2C3B907400A2CBB0 /* ScanPaymentCard.app */,
			);
			name = Products;
			sourceTree = "<group>";
		};
		BFBB44502C3B907400A2CBB0 /* ScanPaymentCard */ = {
			isa = PBXGroup;
			children = (
				BF6B69122C7F17E7004021F4 /* Info.plist */,
				BFD7D3D22C7ED13D00F8DDFB /* AppDelegate */,
				BFD7D3D32C7ED14C00F8DDFB /* Resource */,
				525E5F002C7CCD1100FBAECF /* Helper */,
				BFD7D3D42C7ED15A00F8DDFB /* MainScreen */,
				529441182C3EBE8E0080E59E /* MyPlayground.playground */,
				BFD7D3D52C7EDE9C00F8DDFB /* TestingCode.playground */,
			);
			path = ScanPaymentCard;
			sourceTree = "<group>";
		};
		BFC5D16E2C8033F30057D657 /* CardScanVM */ = {
			isa = PBXGroup;
			children = (
				BFC5D16F2C8034120057D657 /* CardScanVM.swift */,
			);
			path = CardScanVM;
			sourceTree = "<group>";
		};
		BFC8BAF42C7ECF5F00894CBB /* Extension+ */ = {
			isa = PBXGroup;
			children = (
				525E5F012C7CCD1E00FBAECF /* PreviewUIKit+.swift */,
				BFBE54BE2C7DCAA60027814A /* Extension+.swift */,
				BF7A7B912C805DD400D8427E /* DateExtensions.swift */,
				525C7BE02C82277000214E7D /* CheckCardTypes.swift */,
			);
			path = "Extension+";
			sourceTree = "<group>";
		};
		BFD7D3D22C7ED13D00F8DDFB /* AppDelegate */ = {
			isa = PBXGroup;
			children = (
				BFBB44512C3B907400A2CBB0 /* AppDelegate.swift */,
				BFBB44532C3B907400A2CBB0 /* SceneDelegate.swift */,
			);
			path = AppDelegate;
			sourceTree = "<group>";
		};
		BFD7D3D32C7ED14C00F8DDFB /* Resource */ = {
			isa = PBXGroup;
			children = (
				5238EBF62C80A027002900CE /* OCR-a___.ttf */,
				BFBB445A2C3B907600A2CBB0 /* Assets.xcassets */,
				BFBB445C2C3B907600A2CBB0 /* LaunchScreen.storyboard */,
			);
			path = Resource;
			sourceTree = "<group>";
		};
		BFD7D3D42C7ED15A00F8DDFB /* MainScreen */ = {
			isa = PBXGroup;
			children = (
				520EA4752C8425C90047F53C /* Model */,
				BFBB44552C3B907400A2CBB0 /* ViewController.swift */,
				BFBB44572C3B907400A2CBB0 /* Main.storyboard */,
			);
			path = MainScreen;
			sourceTree = "<group>";
		};
/* End PBXGroup section */

/* Begin PBXNativeTarget section */
		BFBB444D2C3B907400A2CBB0 /* ScanPaymentCard */ = {
			isa = PBXNativeTarget;
			buildConfigurationList = BFBB44622C3B907600A2CBB0 /* Build configuration list for PBXNativeTarget "ScanPaymentCard" */;
			buildPhases = (
				BFBB444A2C3B907400A2CBB0 /* Sources */,
				BFBB444B2C3B907400A2CBB0 /* Frameworks */,
				BFBB444C2C3B907400A2CBB0 /* Resources */,
			);
			buildRules = (
			);
			dependencies = (
			);
			name = ScanPaymentCard;
			packageProductDependencies = (
				5238EBF42C809F5E002900CE /* SharkUtils */,
				528F459B2C82154F0092A9BF /* TechTalk_Library */,
			);
			productName = ScanPaymentCard;
			productReference = BFBB444E2C3B907400A2CBB0 /* ScanPaymentCard.app */;
			productType = "com.apple.product-type.application";
		};
/* End PBXNativeTarget section */

/* Begin PBXProject section */
		BFBB44462C3B907400A2CBB0 /* Project object */ = {
			isa = PBXProject;
			attributes = {
				BuildIndependentTargetsInParallel = 1;
				LastSwiftUpdateCheck = 1540;
				LastUpgradeCheck = 1540;
				TargetAttributes = {
					BFBB444D2C3B907400A2CBB0 = {
						CreatedOnToolsVersion = 15.4;
					};
				};
			};
			buildConfigurationList = BFBB44492C3B907400A2CBB0 /* Build configuration list for PBXProject "ScanPaymentCard" */;
			compatibilityVersion = "Xcode 14.0";
			developmentRegion = en;
			hasScannedForEncodings = 0;
			knownRegions = (
				en,
				Base,
			);
			mainGroup = BFBB44452C3B907400A2CBB0;
			packageReferences = (
				5238EBF32C809F5E002900CE /* XCRemoteSwiftPackageReference "ios-shark-utils" */,
				528F459A2C82154F0092A9BF /* XCRemoteSwiftPackageReference "TechTalk_Library" */,
			);
			productRefGroup = BFBB444F2C3B907400A2CBB0 /* Products */;
			projectDirPath = "";
			projectRoot = "";
			targets = (
				BFBB444D2C3B907400A2CBB0 /* ScanPaymentCard */,
			);
		};
/* End PBXProject section */

/* Begin PBXResourcesBuildPhase section */
		BFBB444C2C3B907400A2CBB0 /* Resources */ = {
			isa = PBXResourcesBuildPhase;
			buildActionMask = 2147483647;
			files = (
				BFBB445B2C3B907600A2CBB0 /* Assets.xcassets in Resources */,
				BFBB445E2C3B907600A2CBB0 /* Base in Resources */,
				BFBB44592C3B907400A2CBB0 /* Base in Resources */,
				5238EBF72C80A027002900CE /* OCR-a___.ttf in Resources */,
			);
			runOnlyForDeploymentPostprocessing = 0;
		};
/* End PBXResourcesBuildPhase section */

/* Begin PBXSourcesBuildPhase section */
		BFBB444A2C3B907400A2CBB0 /* Sources */ = {
			isa = PBXSourcesBuildPhase;
			buildActionMask = 2147483647;
			files = (
				BFC5D16D2C8031A30057D657 /* CardScanner.swift in Sources */,
				BF7A7B942C805F5A00D8427E /* ScannedCardView.swift in Sources */,
				525C7BE12C82277000214E7D /* CheckCardTypes.swift in Sources */,
				BFC5D1722C8034F90057D657 /* PixelBufferStream.swift in Sources */,
				BFC5D1742C8037090057D657 /* LayoutContentView.swift in Sources */,
				BFBE54B92C7DC4820027814A /* CustomProtocols.swift in Sources */,
				525E5F022C7CCD1E00FBAECF /* PreviewUIKit+.swift in Sources */,
				BFBE54BF2C7DCAA60027814A /* Extension+.swift in Sources */,
				BFBB44562C3B907400A2CBB0 /* ViewController.swift in Sources */,
				BFBE54C12C7DD40D0027814A /* SharkCardScanVC.swift in Sources */,
				BFBB44522C3B907400A2CBB0 /* AppDelegate.swift in Sources */,
				BFC5D1702C8034120057D657 /* CardScanVM.swift in Sources */,
				520EA4772C8425D90047F53C /* PaymentModel.swift in Sources */,
				BFBE54BB2C7DC55B0027814A /* CameraAccess.swift in Sources */,
				BFBB44542C3B907400A2CBB0 /* SceneDelegate.swift in Sources */,
				BF7A7B922C805DD400D8427E /* DateExtensions.swift in Sources */,
			);
			runOnlyForDeploymentPostprocessing = 0;
		};
/* End PBXSourcesBuildPhase section */

/* Begin PBXVariantGroup section */
		BFBB44572C3B907400A2CBB0 /* Main.storyboard */ = {
			isa = PBXVariantGroup;
			children = (
				BFBB44582C3B907400A2CBB0 /* Base */,
			);
			name = Main.storyboard;
			sourceTree = "<group>";
		};
		BFBB445C2C3B907600A2CBB0 /* LaunchScreen.storyboard */ = {
			isa = PBXVariantGroup;
			children = (
				BFBB445D2C3B907600A2CBB0 /* Base */,
			);
			name = LaunchScreen.storyboard;
			sourceTree = "<group>";
		};
/* End PBXVariantGroup section */

/* Begin XCBuildConfiguration section */
		BFBB44602C3B907600A2CBB0 /* Debug */ = {
			isa = XCBuildConfiguration;
			buildSettings = {
				ALWAYS_SEARCH_USER_PATHS = NO;
				ASSETCATALOG_COMPILER_GENERATE_SWIFT_ASSET_SYMBOL_EXTENSIONS = YES;
				CLANG_ANALYZER_NONNULL = YES;
				CLANG_ANALYZER_NUMBER_OBJECT_CONVERSION = YES_AGGRESSIVE;
				CLANG_CXX_LANGUAGE_STANDARD = "gnu++20";
				CLANG_ENABLE_MODULES = YES;
				CLANG_ENABLE_OBJC_ARC = YES;
				CLANG_ENABLE_OBJC_WEAK = YES;
				CLANG_WARN_BLOCK_CAPTURE_AUTORELEASING = YES;
				CLANG_WARN_BOOL_CONVERSION = YES;
				CLANG_WARN_COMMA = YES;
				CLANG_WARN_CONSTANT_CONVERSION = YES;
				CLANG_WARN_DEPRECATED_OBJC_IMPLEMENTATIONS = YES;
				CLANG_WARN_DIRECT_OBJC_ISA_USAGE = YES_ERROR;
				CLANG_WARN_DOCUMENTATION_COMMENTS = YES;
				CLANG_WARN_EMPTY_BODY = YES;
				CLANG_WARN_ENUM_CONVERSION = YES;
				CLANG_WARN_INFINITE_RECURSION = YES;
				CLANG_WARN_INT_CONVERSION = YES;
				CLANG_WARN_NON_LITERAL_NULL_CONVERSION = YES;
				CLANG_WARN_OBJC_IMPLICIT_RETAIN_SELF = YES;
				CLANG_WARN_OBJC_LITERAL_CONVERSION = YES;
				CLANG_WARN_OBJC_ROOT_CLASS = YES_ERROR;
				CLANG_WARN_QUOTED_INCLUDE_IN_FRAMEWORK_HEADER = YES;
				CLANG_WARN_RANGE_LOOP_ANALYSIS = YES;
				CLANG_WARN_STRICT_PROTOTYPES = YES;
				CLANG_WARN_SUSPICIOUS_MOVE = YES;
				CLANG_WARN_UNGUARDED_AVAILABILITY = YES_AGGRESSIVE;
				CLANG_WARN_UNREACHABLE_CODE = YES;
				CLANG_WARN__DUPLICATE_METHOD_MATCH = YES;
				COPY_PHASE_STRIP = NO;
				DEBUG_INFORMATION_FORMAT = dwarf;
				ENABLE_STRICT_OBJC_MSGSEND = YES;
				ENABLE_TESTABILITY = YES;
				ENABLE_USER_SCRIPT_SANDBOXING = YES;
				GCC_C_LANGUAGE_STANDARD = gnu17;
				GCC_DYNAMIC_NO_PIC = NO;
				GCC_NO_COMMON_BLOCKS = YES;
				GCC_OPTIMIZATION_LEVEL = 0;
				GCC_PREPROCESSOR_DEFINITIONS = (
					"DEBUG=1",
					"$(inherited)",
				);
				GCC_WARN_64_TO_32_BIT_CONVERSION = YES;
				GCC_WARN_ABOUT_RETURN_TYPE = YES_ERROR;
				GCC_WARN_UNDECLARED_SELECTOR = YES;
				GCC_WARN_UNINITIALIZED_AUTOS = YES_AGGRESSIVE;
				GCC_WARN_UNUSED_FUNCTION = YES;
				GCC_WARN_UNUSED_VARIABLE = YES;
				IPHONEOS_DEPLOYMENT_TARGET = 13.0;
				LOCALIZATION_PREFERS_STRING_CATALOGS = YES;
				MTL_ENABLE_DEBUG_INFO = INCLUDE_SOURCE;
				MTL_FAST_MATH = YES;
				ONLY_ACTIVE_ARCH = YES;
				SDKROOT = iphoneos;
				SWIFT_ACTIVE_COMPILATION_CONDITIONS = "DEBUG $(inherited)";
				SWIFT_OPTIMIZATION_LEVEL = "-Onone";
			};
			name = Debug;
		};
		BFBB44612C3B907600A2CBB0 /* Release */ = {
			isa = XCBuildConfiguration;
			buildSettings = {
				ALWAYS_SEARCH_USER_PATHS = NO;
				ASSETCATALOG_COMPILER_GENERATE_SWIFT_ASSET_SYMBOL_EXTENSIONS = YES;
				CLANG_ANALYZER_NONNULL = YES;
				CLANG_ANALYZER_NUMBER_OBJECT_CONVERSION = YES_AGGRESSIVE;
				CLANG_CXX_LANGUAGE_STANDARD = "gnu++20";
				CLANG_ENABLE_MODULES = YES;
				CLANG_ENABLE_OBJC_ARC = YES;
				CLANG_ENABLE_OBJC_WEAK = YES;
				CLANG_WARN_BLOCK_CAPTURE_AUTORELEASING = YES;
				CLANG_WARN_BOOL_CONVERSION = YES;
				CLANG_WARN_COMMA = YES;
				CLANG_WARN_CONSTANT_CONVERSION = YES;
				CLANG_WARN_DEPRECATED_OBJC_IMPLEMENTATIONS = YES;
				CLANG_WARN_DIRECT_OBJC_ISA_USAGE = YES_ERROR;
				CLANG_WARN_DOCUMENTATION_COMMENTS = YES;
				CLANG_WARN_EMPTY_BODY = YES;
				CLANG_WARN_ENUM_CONVERSION = YES;
				CLANG_WARN_INFINITE_RECURSION = YES;
				CLANG_WARN_INT_CONVERSION = YES;
				CLANG_WARN_NON_LITERAL_NULL_CONVERSION = YES;
				CLANG_WARN_OBJC_IMPLICIT_RETAIN_SELF = YES;
				CLANG_WARN_OBJC_LITERAL_CONVERSION = YES;
				CLANG_WARN_OBJC_ROOT_CLASS = YES_ERROR;
				CLANG_WARN_QUOTED_INCLUDE_IN_FRAMEWORK_HEADER = YES;
				CLANG_WARN_RANGE_LOOP_ANALYSIS = YES;
				CLANG_WARN_STRICT_PROTOTYPES = YES;
				CLANG_WARN_SUSPICIOUS_MOVE = YES;
				CLANG_WARN_UNGUARDED_AVAILABILITY = YES_AGGRESSIVE;
				CLANG_WARN_UNREACHABLE_CODE = YES;
				CLANG_WARN__DUPLICATE_METHOD_MATCH = YES;
				COPY_PHASE_STRIP = NO;
				DEBUG_INFORMATION_FORMAT = "dwarf-with-dsym";
				ENABLE_NS_ASSERTIONS = NO;
				ENABLE_STRICT_OBJC_MSGSEND = YES;
				ENABLE_USER_SCRIPT_SANDBOXING = YES;
				GCC_C_LANGUAGE_STANDARD = gnu17;
				GCC_NO_COMMON_BLOCKS = YES;
				GCC_WARN_64_TO_32_BIT_CONVERSION = YES;
				GCC_WARN_ABOUT_RETURN_TYPE = YES_ERROR;
				GCC_WARN_UNDECLARED_SELECTOR = YES;
				GCC_WARN_UNINITIALIZED_AUTOS = YES_AGGRESSIVE;
				GCC_WARN_UNUSED_FUNCTION = YES;
				GCC_WARN_UNUSED_VARIABLE = YES;
				IPHONEOS_DEPLOYMENT_TARGET = 13.0;
				LOCALIZATION_PREFERS_STRING_CATALOGS = YES;
				MTL_ENABLE_DEBUG_INFO = NO;
				MTL_FAST_MATH = YES;
				SDKROOT = iphoneos;
				SWIFT_COMPILATION_MODE = wholemodule;
				VALIDATE_PRODUCT = YES;
			};
			name = Release;
		};
		BFBB44632C3B907600A2CBB0 /* Debug */ = {
			isa = XCBuildConfiguration;
			buildSettings = {
				ASSETCATALOG_COMPILER_APPICON_NAME = AppIcon;
				ASSETCATALOG_COMPILER_GLOBAL_ACCENT_COLOR_NAME = AccentColor;
				CODE_SIGN_IDENTITY = "Apple Development";
				CODE_SIGN_STYLE = Automatic;
				CURRENT_PROJECT_VERSION = 1;
				DEVELOPMENT_TEAM = TF5B328KPW;
				GENERATE_INFOPLIST_FILE = YES;
				INFOPLIST_FILE = ScanPaymentCard/Info.plist;
				INFOPLIST_KEY_NSCameraUsageDescription = "Camera Privacy Description";
				INFOPLIST_KEY_UIApplicationSupportsIndirectInputEvents = YES;
				INFOPLIST_KEY_UILaunchStoryboardName = LaunchScreen;
				INFOPLIST_KEY_UIMainStoryboardFile = Main;
				INFOPLIST_KEY_UISupportedInterfaceOrientations_iPad = "UIInterfaceOrientationPortrait UIInterfaceOrientationPortraitUpsideDown UIInterfaceOrientationLandscapeLeft UIInterfaceOrientationLandscapeRight";
				INFOPLIST_KEY_UISupportedInterfaceOrientations_iPhone = "UIInterfaceOrientationPortrait UIInterfaceOrientationLandscapeLeft UIInterfaceOrientationLandscapeRight";
				LD_RUNPATH_SEARCH_PATHS = (
					"$(inherited)",
					"@executable_path/Frameworks",
				);
				MARKETING_VERSION = 1.0;
				PRODUCT_BUNDLE_IDENTIFIER = com.yuthfight.ScanPaymentCard;
				PRODUCT_NAME = "$(TARGET_NAME)";
				PROVISIONING_PROFILE_SPECIFIER = "";
				SWIFT_EMIT_LOC_STRINGS = YES;
				SWIFT_VERSION = 5.0;
				TARGETED_DEVICE_FAMILY = "1,2";
			};
			name = Debug;
		};
		BFBB44642C3B907600A2CBB0 /* Release */ = {
			isa = XCBuildConfiguration;
			buildSettings = {
				ASSETCATALOG_COMPILER_APPICON_NAME = AppIcon;
				ASSETCATALOG_COMPILER_GLOBAL_ACCENT_COLOR_NAME = AccentColor;
				CODE_SIGN_IDENTITY = "Apple Development";
				CODE_SIGN_STYLE = Automatic;
				CURRENT_PROJECT_VERSION = 1;
				DEVELOPMENT_TEAM = TF5B328KPW;
				GENERATE_INFOPLIST_FILE = YES;
				INFOPLIST_FILE = ScanPaymentCard/Info.plist;
				INFOPLIST_KEY_NSCameraUsageDescription = "Camera Privacy Description";
				INFOPLIST_KEY_UIApplicationSupportsIndirectInputEvents = YES;
				INFOPLIST_KEY_UILaunchStoryboardName = LaunchScreen;
				INFOPLIST_KEY_UIMainStoryboardFile = Main;
				INFOPLIST_KEY_UISupportedInterfaceOrientations_iPad = "UIInterfaceOrientationPortrait UIInterfaceOrientationPortraitUpsideDown UIInterfaceOrientationLandscapeLeft UIInterfaceOrientationLandscapeRight";
				INFOPLIST_KEY_UISupportedInterfaceOrientations_iPhone = "UIInterfaceOrientationPortrait UIInterfaceOrientationLandscapeLeft UIInterfaceOrientationLandscapeRight";
				LD_RUNPATH_SEARCH_PATHS = (
					"$(inherited)",
					"@executable_path/Frameworks",
				);
				MARKETING_VERSION = 1.0;
				PRODUCT_BUNDLE_IDENTIFIER = com.yuthfight.ScanPaymentCard;
				PRODUCT_NAME = "$(TARGET_NAME)";
				PROVISIONING_PROFILE_SPECIFIER = "";
				SWIFT_EMIT_LOC_STRINGS = YES;
				SWIFT_VERSION = 5.0;
				TARGETED_DEVICE_FAMILY = "1,2";
			};
			name = Release;
		};
/* End XCBuildConfiguration section */

/* Begin XCConfigurationList section */
		BFBB44492C3B907400A2CBB0 /* Build configuration list for PBXProject "ScanPaymentCard" */ = {
			isa = XCConfigurationList;
			buildConfigurations = (
				BFBB44602C3B907600A2CBB0 /* Debug */,
				BFBB44612C3B907600A2CBB0 /* Release */,
			);
			defaultConfigurationIsVisible = 0;
			defaultConfigurationName = Release;
		};
		BFBB44622C3B907600A2CBB0 /* Build configuration list for PBXNativeTarget "ScanPaymentCard" */ = {
			isa = XCConfigurationList;
			buildConfigurations = (
				BFBB44632C3B907600A2CBB0 /* Debug */,
				BFBB44642C3B907600A2CBB0 /* Release */,
			);
			defaultConfigurationIsVisible = 0;
			defaultConfigurationName = Release;
		};
/* End XCConfigurationList section */

/* Begin XCRemoteSwiftPackageReference section */
		5238EBF32C809F5E002900CE /* XCRemoteSwiftPackageReference "ios-shark-utils" */ = {
			isa = XCRemoteSwiftPackageReference;
			repositoryURL = "https://github.com/gymshark/ios-shark-utils.git";
			requirement = {
				branch = master;
				kind = branch;
			};
		};
		528F459A2C82154F0092A9BF /* XCRemoteSwiftPackageReference "TechTalk_Library" */ = {
			isa = XCRemoteSwiftPackageReference;
			repositoryURL = "https://github.com/Pheayuth222/TechTalk_Library";
			requirement = {
				branch = yuthfight;
				kind = branch;
			};
		};
/* End XCRemoteSwiftPackageReference section */

/* Begin XCSwiftPackageProductDependency section */
		5238EBF42C809F5E002900CE /* SharkUtils */ = {
			isa = XCSwiftPackageProductDependency;
			package = 5238EBF32C809F5E002900CE /* XCRemoteSwiftPackageReference "ios-shark-utils" */;
			productName = SharkUtils;
		};
		528F459B2C82154F0092A9BF /* TechTalk_Library */ = {
			isa = XCSwiftPackageProductDependency;
			package = 528F459A2C82154F0092A9BF /* XCRemoteSwiftPackageReference "TechTalk_Library" */;
			productName = TechTalk_Library;
		};
/* End XCSwiftPackageProductDependency section */
	};
	rootObject = BFBB44462C3B907400A2CBB0 /* Project object */;
}
