{
  "originHash" : "01de00a912ea4c89e356202a94e2aaedb0d4280f2845a33b2d4dd8f5173c48ef",
  "pins" : [
    {
      "identity" : "ios-shark-utils",
      "kind" : "remoteSourceControl",
      "location" : "https://github.com/gymshark/ios-shark-utils.git",
      "state" : {
        "branch" : "master",
        "revision" : "7bffb281655d641ec82f9725ab1901b402a5a8a8"
      }
    },
    {
      "identity" : "techtalk_library",
      "kind" : "remoteSourceControl",
      "location" : "https://github.com/Pheayuth222/TechTalk_Library",
      "state" : {
        "branch" : "yuthfight",
        "revision" : "4bae7df66e4159926c1d2adc8bcf051816e4e642"
      }
    }
  ],
  "version" : 3
}
